
Microsoft Visual Studio Solution File, Format Version 12.00
# Visual Studio Version 16
VisualStudioVersion = 16.0.30517.126
MinimumVisualStudioVersion = 10.0.40219.1
Project("{FAE04EC0-301F-11D3-BF4B-00C04F79EFBC}") = "HackneyTestDockerApi", "HackneyTestDockerApi.csproj", "{2CBC1A4A-18AF-4B9F-AA34-CF74FE1874DF}"
EndProject
Global
	GlobalSection(SolutionConfigurationPlatforms) = preSolution
		Debug|Any CPU = Debug|Any CPU
		Release|Any CPU = Release|Any CPU
	EndGlobalSection
	GlobalSection(ProjectConfigurationPlatforms) = postSolution
		{2CBC1A4A-18AF-4B9F-AA34-CF74FE1874DF}.Debug|Any CPU.ActiveCfg = Debug|Any CPU
		{2CBC1A4A-18AF-4B9F-AA34-CF74FE1874DF}.Debug|Any CPU.Build.0 = Debug|Any CPU
		{2CBC1A4A-18AF-4B9F-AA34-CF74FE1874DF}.Release|Any CPU.ActiveCfg = Release|Any CPU
		{2CBC1A4A-18AF-4B9F-AA34-CF74FE1874DF}.Release|Any CPU.Build.0 = Release|Any CPU
	EndGlobalSection
	GlobalSection(SolutionProperties) = preSolution
		HideSolutionNode = FALSE
	EndGlobalSection
	GlobalSection(ExtensibilityGlobals) = postSolution
		SolutionGuid = {D71B5DD0-AEB5-47E8-A1CE-4E2A89B4E944}
	EndGlobalSection
EndGlobal
